// !$*UTF8*$!
{
	archiveVersion = 1;
	classes = {
	};
	objectVersion = 46;
	objects = {

/* Begin PBXBuildFile section */
		E8145F711828C0C300CFB9F5 /* Foundation.framework in Frameworks */ = {isa = PBXBuildFile; fileRef = E8145F701828C0C300CFB9F5 /* Foundation.framework */; };
		E8145FC61828C1AD00CFB9F5 /* FoundationExtend.h in Headers */ = {isa = PBXBuildFile; fileRef = E8145F9A1828C11200CFB9F5 /* FoundationExtend.h */; settings = {ATTRIBUTES = (Public, ); }; };
		E81A9B6E18C4160400A0CE2F /* ARCMacros.h in Headers */ = {isa = PBXBuildFile; fileRef = E81A9B5218C4160400A0CE2F /* ARCMacros.h */; };
		E81A9B6F18C4160400A0CE2F /* GCDDispatch.h in Headers */ = {isa = PBXBuildFile; fileRef = E81A9B5318C4160400A0CE2F /* GCDDispatch.h */; };
		E81A9B7018C4160400A0CE2F /* NSData+AES.h in Headers */ = {isa = PBXBuildFile; fileRef = E81A9B5418C4160400A0CE2F /* NSData+AES.h */; };
		E81A9B7118C4160400A0CE2F /* NSData+AES.m in Sources */ = {isa = PBXBuildFile; fileRef = E81A9B5518C4160400A0CE2F /* NSData+AES.m */; };
		E81A9B7218C4160400A0CE2F /* NSData+Base64.h in Headers */ = {isa = PBXBuildFile; fileRef = E81A9B5618C4160400A0CE2F /* NSData+Base64.h */; };
		E81A9B7318C4160400A0CE2F /* NSData+Base64.m in Sources */ = {isa = PBXBuildFile; fileRef = E81A9B5718C4160400A0CE2F /* NSData+Base64.m */; };
		E81A9B7418C4160400A0CE2F /* NSData+MD5.h in Headers */ = {isa = PBXBuildFile; fileRef = E81A9B5818C4160400A0CE2F /* NSData+MD5.h */; };
		E81A9B7518C4160400A0CE2F /* NSData+MD5.m in Sources */ = {isa = PBXBuildFile; fileRef = E81A9B5918C4160400A0CE2F /* NSData+MD5.m */; };
		E81A9B7618C4160400A0CE2F /* NSDate+Utilities.h in Headers */ = {isa = PBXBuildFile; fileRef = E81A9B5A18C4160400A0CE2F /* NSDate+Utilities.h */; };
		E81A9B7718C4160400A0CE2F /* NSDate+Utilities.m in Sources */ = {isa = PBXBuildFile; fileRef = E81A9B5B18C4160400A0CE2F /* NSDate+Utilities.m */; };
		E81A9B7818C4160400A0CE2F /* NSDictionary+URLString.h in Headers */ = {isa = PBXBuildFile; fileRef = E81A9B5C18C4160400A0CE2F /* NSDictionary+URLString.h */; };
		E81A9B7918C4160400A0CE2F /* NSDictionary+URLString.m in Sources */ = {isa = PBXBuildFile; fileRef = E81A9B5D18C4160400A0CE2F /* NSDictionary+URLString.m */; };
		E81A9B7A18C4160400A0CE2F /* NSNumber+Utilities.h in Headers */ = {isa = PBXBuildFile; fileRef = E81A9B5E18C4160400A0CE2F /* NSNumber+Utilities.h */; };
		E81A9B7B18C4160400A0CE2F /* NSNumber+Utilities.m in Sources */ = {isa = PBXBuildFile; fileRef = E81A9B5F18C4160400A0CE2F /* NSNumber+Utilities.m */; };
		E81A9B7C18C4160400A0CE2F /* NSNumberFormatter+Utilities.h in Headers */ = {isa = PBXBuildFile; fileRef = E81A9B6018C4160400A0CE2F /* NSNumberFormatter+Utilities.h */; };
		E81A9B7D18C4160400A0CE2F /* NSNumberFormatter+Utilities.m in Sources */ = {isa = PBXBuildFile; fileRef = E81A9B6118C4160400A0CE2F /* NSNumberFormatter+Utilities.m */; };
		E81A9B7E18C4160400A0CE2F /* NSObject+Utilities.h in Headers */ = {isa = PBXBuildFile; fileRef = E81A9B6218C4160400A0CE2F /* NSObject+Utilities.h */; };
		E81A9B7F18C4160400A0CE2F /* NSObject+Utilities.m in Sources */ = {isa = PBXBuildFile; fileRef = E81A9B6318C4160400A0CE2F /* NSObject+Utilities.m */; };
		E81A9B8018C4160400A0CE2F /* NSString+AES.h in Headers */ = {isa = PBXBuildFile; fileRef = E81A9B6418C4160400A0CE2F /* NSString+AES.h */; };
		E81A9B8118C4160400A0CE2F /* NSString+AES.m in Sources */ = {isa = PBXBuildFile; fileRef = E81A9B6518C4160400A0CE2F /* NSString+AES.m */; };
		E81A9B8218C4160400A0CE2F /* NSString+Base64.h in Headers */ = {isa = PBXBuildFile; fileRef = E81A9B6618C4160400A0CE2F /* NSString+Base64.h */; };
		E81A9B8318C4160400A0CE2F /* NSString+Base64.m in Sources */ = {isa = PBXBuildFile; fileRef = E81A9B6718C4160400A0CE2F /* NSString+Base64.m */; };
		E81A9B8418C4160400A0CE2F /* NSString+MD5.h in Headers */ = {isa = PBXBuildFile; fileRef = E81A9B6818C4160400A0CE2F /* NSString+MD5.h */; };
		E81A9B8518C4160400A0CE2F /* NSString+MD5.m in Sources */ = {isa = PBXBuildFile; fileRef = E81A9B6918C4160400A0CE2F /* NSString+MD5.m */; };
		E81A9B8618C4160400A0CE2F /* NSString+URLCode.h in Headers */ = {isa = PBXBuildFile; fileRef = E81A9B6A18C4160400A0CE2F /* NSString+URLCode.h */; };
		E81A9B8718C4160400A0CE2F /* NSString+URLCode.m in Sources */ = {isa = PBXBuildFile; fileRef = E81A9B6B18C4160400A0CE2F /* NSString+URLCode.m */; };
		E81A9B8818C4160400A0CE2F /* NSString+Utilities.h in Headers */ = {isa = PBXBuildFile; fileRef = E81A9B6C18C4160400A0CE2F /* NSString+Utilities.h */; };
		E81A9B8918C4160400A0CE2F /* NSString+Utilities.m in Sources */ = {isa = PBXBuildFile; fileRef = E81A9B6D18C4160400A0CE2F /* NSString+Utilities.m */; };
/* End PBXBuildFile section */

/* Begin PBXFileReference section */
		E8145F6D1828C0C300CFB9F5 /* libFoundationExtend.a */ = {isa = PBXFileReference; explicitFileType = archive.ar; includeInIndex = 0; path = libFoundationExtend.a; sourceTree = BUILT_PRODUCTS_DIR; };
		E8145F701828C0C300CFB9F5 /* Foundation.framework */ = {isa = PBXFileReference; lastKnownFileType = wrapper.framework; name = Foundation.framework; path = System/Library/Frameworks/Foundation.framework; sourceTree = SDKROOT; };
		E8145F7F1828C0C300CFB9F5 /* SenTestingKit.framework */ = {isa = PBXFileReference; lastKnownFileType = wrapper.framework; name = SenTestingKit.framework; path = Library/Frameworks/SenTestingKit.framework; sourceTree = DEVELOPER_DIR; };
		E8145F991828C11200CFB9F5 /* FoundationExtend-Prefix.pch */ = {isa = PBXFileReference; fileEncoding = 4; lastKnownFileType = sourcecode.c.h; path = "FoundationExtend-Prefix.pch"; sourceTree = "<group>"; };
		E8145F9A1828C11200CFB9F5 /* FoundationExtend.h */ = {isa = PBXFileReference; fileEncoding = 4; lastKnownFileType = sourcecode.c.h; path = FoundationExtend.h; sourceTree = "<group>"; };
		E81A9B5218C4160400A0CE2F /* ARCMacros.h */ = {isa = PBXFileReference; fileEncoding = 4; lastKnownFileType = sourcecode.c.h; path = ARCMacros.h; sourceTree = "<group>"; };
		E81A9B5318C4160400A0CE2F /* GCDDispatch.h */ = {isa = PBXFileReference; fileEncoding = 4; lastKnownFileType = sourcecode.c.h; path = GCDDispatch.h; sourceTree = "<group>"; };
		E81A9B5418C4160400A0CE2F /* NSData+AES.h */ = {isa = PBXFileReference; fileEncoding = 4; lastKnownFileType = sourcecode.c.h; path = "NSData+AES.h"; sourceTree = "<group>"; };
		E81A9B5518C4160400A0CE2F /* NSData+AES.m */ = {isa = PBXFileReference; fileEncoding = 4; lastKnownFileType = sourcecode.c.objc; path = "NSData+AES.m"; sourceTree = "<group>"; };
		E81A9B5618C4160400A0CE2F /* NSData+Base64.h */ = {isa = PBXFileReference; fileEncoding = 4; lastKnownFileType = sourcecode.c.h; path = "NSData+Base64.h"; sourceTree = "<group>"; };
		E81A9B5718C4160400A0CE2F /* NSData+Base64.m */ = {isa = PBXFileReference; fileEncoding = 4; lastKnownFileType = sourcecode.c.objc; path = "NSData+Base64.m"; sourceTree = "<group>"; };
		E81A9B5818C4160400A0CE2F /* NSData+MD5.h */ = {isa = PBXFileReference; fileEncoding = 4; lastKnownFileType = sourcecode.c.h; path = "NSData+MD5.h"; sourceTree = "<group>"; };
		E81A9B5918C4160400A0CE2F /* NSData+MD5.m */ = {isa = PBXFileReference; fileEncoding = 4; lastKnownFileType = sourcecode.c.objc; path = "NSData+MD5.m"; sourceTree = "<group>"; };
		E81A9B5A18C4160400A0CE2F /* NSDate+Utilities.h */ = {isa = PBXFileReference; fileEncoding = 4; lastKnownFileType = sourcecode.c.h; path = "NSDate+Utilities.h"; sourceTree = "<group>"; };
		E81A9B5B18C4160400A0CE2F /* NSDate+Utilities.m */ = {isa = PBXFileReference; fileEncoding = 4; lastKnownFileType = sourcecode.c.objc; path = "NSDate+Utilities.m"; sourceTree = "<group>"; };
		E81A9B5C18C4160400A0CE2F /* NSDictionary+URLString.h */ = {isa = PBXFileReference; fileEncoding = 4; lastKnownFileType = sourcecode.c.h; path = "NSDictionary+URLString.h"; sourceTree = "<group>"; };
		E81A9B5D18C4160400A0CE2F /* NSDictionary+URLString.m */ = {isa = PBXFileReference; fileEncoding = 4; lastKnownFileType = sourcecode.c.objc; path = "NSDictionary+URLString.m"; sourceTree = "<group>"; };
		E81A9B5E18C4160400A0CE2F /* NSNumber+Utilities.h */ = {isa = PBXFileReference; fileEncoding = 4; lastKnownFileType = sourcecode.c.h; path = "NSNumber+Utilities.h"; sourceTree = "<group>"; };
		E81A9B5F18C4160400A0CE2F /* NSNumber+Utilities.m */ = {isa = PBXFileReference; fileEncoding = 4; lastKnownFileType = sourcecode.c.objc; path = "NSNumber+Utilities.m"; sourceTree = "<group>"; };
		E81A9B6018C4160400A0CE2F /* NSNumberFormatter+Utilities.h */ = {isa = PBXFileReference; fileEncoding = 4; lastKnownFileType = sourcecode.c.h; path = "NSNumberFormatter+Utilities.h"; sourceTree = "<group>"; };
		E81A9B6118C4160400A0CE2F /* NSNumberFormatter+Utilities.m */ = {isa = PBXFileReference; fileEncoding = 4; lastKnownFileType = sourcecode.c.objc; path = "NSNumberFormatter+Utilities.m"; sourceTree = "<group>"; };
		E81A9B6218C4160400A0CE2F /* NSObject+Utilities.h */ = {isa = PBXFileReference; fileEncoding = 4; lastKnownFileType = sourcecode.c.h; path = "NSObject+Utilities.h"; sourceTree = "<group>"; };
		E81A9B6318C4160400A0CE2F /* NSObject+Utilities.m */ = {isa = PBXFileReference; fileEncoding = 4; lastKnownFileType = sourcecode.c.objc; path = "NSObject+Utilities.m"; sourceTree = "<group>"; };
		E81A9B6418C4160400A0CE2F /* NSString+AES.h */ = {isa = PBXFileReference; fileEncoding = 4; lastKnownFileType = sourcecode.c.h; path = "NSString+AES.h"; sourceTree = "<group>"; };
		E81A9B6518C4160400A0CE2F /* NSString+AES.m */ = {isa = PBXFileReference; fileEncoding = 4; lastKnownFileType = sourcecode.c.objc; path = "NSString+AES.m"; sourceTree = "<group>"; };
		E81A9B6618C4160400A0CE2F /* NSString+Base64.h */ = {isa = PBXFileReference; fileEncoding = 4; lastKnownFileType = sourcecode.c.h; path = "NSString+Base64.h"; sourceTree = "<group>"; };
		E81A9B6718C4160400A0CE2F /* NSString+Base64.m */ = {isa = PBXFileReference; fileEncoding = 4; lastKnownFileType = sourcecode.c.objc; path = "NSString+Base64.m"; sourceTree = "<group>"; };
		E81A9B6818C4160400A0CE2F /* NSString+MD5.h */ = {isa = PBXFileReference; fileEncoding = 4; lastKnownFileType = sourcecode.c.h; path = "NSString+MD5.h"; sourceTree = "<group>"; };
		E81A9B6918C4160400A0CE2F /* NSString+MD5.m */ = {isa = PBXFileReference; fileEncoding = 4; lastKnownFileType = sourcecode.c.objc; path = "NSString+MD5.m"; sourceTree = "<group>"; };
		E81A9B6A18C4160400A0CE2F /* NSString+URLCode.h */ = {isa = PBXFileReference; fileEncoding = 4; lastKnownFileType = sourcecode.c.h; path = "NSString+URLCode.h"; sourceTree = "<group>"; };
		E81A9B6B18C4160400A0CE2F /* NSString+URLCode.m */ = {isa = PBXFileReference; fileEncoding = 4; lastKnownFileType = sourcecode.c.objc; path = "NSString+URLCode.m"; sourceTree = "<group>"; };
		E81A9B6C18C4160400A0CE2F /* NSString+Utilities.h */ = {isa = PBXFileReference; fileEncoding = 4; lastKnownFileType = sourcecode.c.h; path = "NSString+Utilities.h"; sourceTree = "<group>"; };
		E81A9B6D18C4160400A0CE2F /* NSString+Utilities.m */ = {isa = PBXFileReference; fileEncoding = 4; lastKnownFileType = sourcecode.c.objc; path = "NSString+Utilities.m"; sourceTree = "<group>"; };
/* End PBXFileReference section */

/* Begin PBXFrameworksBuildPhase section */
		E8145F6A1828C0C300CFB9F5 /* Frameworks */ = {
			isa = PBXFrameworksBuildPhase;
			buildActionMask = 2147483647;
			files = (
				E8145F711828C0C300CFB9F5 /* Foundation.framework in Frameworks */,
			);
			runOnlyForDeploymentPostprocessing = 0;
		};
/* End PBXFrameworksBuildPhase section */

/* Begin PBXGroup section */
		E8145F641828C0C300CFB9F5 = {
			isa = PBXGroup;
			children = (
				E8145F721828C0C300CFB9F5 /* FoundationExtend */,
				E8145F6F1828C0C300CFB9F5 /* Frameworks */,
				E8145F6E1828C0C300CFB9F5 /* Products */,
			);
			sourceTree = "<group>";
		};
		E8145F6E1828C0C300CFB9F5 /* Products */ = {
			isa = PBXGroup;
			children = (
				E8145F6D1828C0C300CFB9F5 /* libFoundationExtend.a */,
			);
			name = Products;
			sourceTree = "<group>";
		};
		E8145F6F1828C0C300CFB9F5 /* Frameworks */ = {
			isa = PBXGroup;
			children = (
				E8145F701828C0C300CFB9F5 /* Foundation.framework */,
				E8145F7F1828C0C300CFB9F5 /* SenTestingKit.framework */,
			);
			name = Frameworks;
			sourceTree = "<group>";
		};
		E8145F721828C0C300CFB9F5 /* FoundationExtend */ = {
			isa = PBXGroup;
			children = (
				E81A9B5218C4160400A0CE2F /* ARCMacros.h */,
				E81A9B5318C4160400A0CE2F /* GCDDispatch.h */,
				E81A9B5418C4160400A0CE2F /* NSData+AES.h */,
				E81A9B5518C4160400A0CE2F /* NSData+AES.m */,
				E81A9B5618C4160400A0CE2F /* NSData+Base64.h */,
				E81A9B5718C4160400A0CE2F /* NSData+Base64.m */,
				E81A9B5818C4160400A0CE2F /* NSData+MD5.h */,
				E81A9B5918C4160400A0CE2F /* NSData+MD5.m */,
				E81A9B5A18C4160400A0CE2F /* NSDate+Utilities.h */,
				E81A9B5B18C4160400A0CE2F /* NSDate+Utilities.m */,
				E81A9B5C18C4160400A0CE2F /* NSDictionary+URLString.h */,
				E81A9B5D18C4160400A0CE2F /* NSDictionary+URLString.m */,
				E81A9B5E18C4160400A0CE2F /* NSNumber+Utilities.h */,
				E81A9B5F18C4160400A0CE2F /* NSNumber+Utilities.m */,
				E81A9B6018C4160400A0CE2F /* NSNumberFormatter+Utilities.h */,
				E81A9B6118C4160400A0CE2F /* NSNumberFormatter+Utilities.m */,
				E81A9B6218C4160400A0CE2F /* NSObject+Utilities.h */,
				E81A9B6318C4160400A0CE2F /* NSObject+Utilities.m */,
				E81A9B6418C4160400A0CE2F /* NSString+AES.h */,
				E81A9B6518C4160400A0CE2F /* NSString+AES.m */,
				E81A9B6618C4160400A0CE2F /* NSString+Base64.h */,
				E81A9B6718C4160400A0CE2F /* NSString+Base64.m */,
				E81A9B6818C4160400A0CE2F /* NSString+MD5.h */,
				E81A9B6918C4160400A0CE2F /* NSString+MD5.m */,
				E81A9B6A18C4160400A0CE2F /* NSString+URLCode.h */,
				E81A9B6B18C4160400A0CE2F /* NSString+URLCode.m */,
				E81A9B6C18C4160400A0CE2F /* NSString+Utilities.h */,
				E81A9B6D18C4160400A0CE2F /* NSString+Utilities.m */,
				E8145F991828C11200CFB9F5 /* FoundationExtend-Prefix.pch */,
				E8145F9A1828C11200CFB9F5 /* FoundationExtend.h */,
			);
			path = FoundationExtend;
			sourceTree = "<group>";
		};
/* End PBXGroup section */

/* Begin PBXHeadersBuildPhase section */
		E8145FC51828C19700CFB9F5 /* Headers */ = {
			isa = PBXHeadersBuildPhase;
			buildActionMask = 2147483647;
			files = (
				E81A9B8018C4160400A0CE2F /* NSString+AES.h in Headers */,
				E81A9B7418C4160400A0CE2F /* NSData+MD5.h in Headers */,
				E81A9B6E18C4160400A0CE2F /* ARCMacros.h in Headers */,
				E81A9B7818C4160400A0CE2F /* NSDictionary+URLString.h in Headers */,
				E81A9B8218C4160400A0CE2F /* NSString+Base64.h in Headers */,
				E81A9B7018C4160400A0CE2F /* NSData+AES.h in Headers */,
				E81A9B7C18C4160400A0CE2F /* NSNumberFormatter+Utilities.h in Headers */,
				E81A9B7618C4160400A0CE2F /* NSDate+Utilities.h in Headers */,
				E81A9B7218C4160400A0CE2F /* NSData+Base64.h in Headers */,
				E81A9B8818C4160400A0CE2F /* NSString+Utilities.h in Headers */,
				E81A9B8618C4160400A0CE2F /* NSString+URLCode.h in Headers */,
				E81A9B8418C4160400A0CE2F /* NSString+MD5.h in Headers */,
				E81A9B7E18C4160400A0CE2F /* NSObject+Utilities.h in Headers */,
				E81A9B6F18C4160400A0CE2F /* GCDDispatch.h in Headers */,
				E81A9B7A18C4160400A0CE2F /* NSNumber+Utilities.h in Headers */,
				E8145FC61828C1AD00CFB9F5 /* FoundationExtend.h in Headers */,
			);
			runOnlyForDeploymentPostprocessing = 0;
		};
/* End PBXHeadersBuildPhase section */

/* Begin PBXNativeTarget section */
		E8145F6C1828C0C300CFB9F5 /* FoundationExtend */ = {
			isa = PBXNativeTarget;
			buildConfigurationList = E8145F921828C0C400CFB9F5 /* Build configuration list for PBXNativeTarget "FoundationExtend" */;
			buildPhases = (
				E8145F691828C0C300CFB9F5 /* Sources */,
				E8145F6A1828C0C300CFB9F5 /* Frameworks */,
				E8145FC51828C19700CFB9F5 /* Headers */,
			);
			buildRules = (
			);
			dependencies = (
			);
			name = FoundationExtend;
			productName = FoundationExtend;
			productReference = E8145F6D1828C0C300CFB9F5 /* libFoundationExtend.a */;
			productType = "com.apple.product-type.library.static";
		};
/* End PBXNativeTarget section */

/* Begin PBXProject section */
		E8145F651828C0C300CFB9F5 /* Project object */ = {
			isa = PBXProject;
			attributes = {
				LastUpgradeCheck = 0460;
				ORGANIZATIONNAME = 5codelab;
			};
			buildConfigurationList = E8145F681828C0C300CFB9F5 /* Build configuration list for PBXProject "FoundationExtend" */;
			compatibilityVersion = "Xcode 3.2";
			developmentRegion = English;
			hasScannedForEncodings = 0;
			knownRegions = (
				en,
			);
			mainGroup = E8145F641828C0C300CFB9F5;
			productRefGroup = E8145F6E1828C0C300CFB9F5 /* Products */;
			projectDirPath = "";
			projectRoot = "";
			targets = (
				E8145F6C1828C0C300CFB9F5 /* FoundationExtend */,
			);
		};
/* End PBXProject section */

/* Begin PBXSourcesBuildPhase section */
		E8145F691828C0C300CFB9F5 /* Sources */ = {
			isa = PBXSourcesBuildPhase;
			buildActionMask = 2147483647;
			files = (
				E81A9B7118C4160400A0CE2F /* NSData+AES.m in Sources */,
				E81A9B7918C4160400A0CE2F /* NSDictionary+URLString.m in Sources */,
				E81A9B7D18C4160400A0CE2F /* NSNumberFormatter+Utilities.m in Sources */,
				E81A9B7B18C4160400A0CE2F /* NSNumber+Utilities.m in Sources */,
				E81A9B8518C4160400A0CE2F /* NSString+MD5.m in Sources */,
				E81A9B8318C4160400A0CE2F /* NSString+Base64.m in Sources */,
				E81A9B7518C4160400A0CE2F /* NSData+MD5.m in Sources */,
				E81A9B7318C4160400A0CE2F /* NSData+Base64.m in Sources */,
				E81A9B8918C4160400A0CE2F /* NSString+Utilities.m in Sources */,
				E81A9B7F18C4160400A0CE2F /* NSObject+Utilities.m in Sources */,
				E81A9B8118C4160400A0CE2F /* NSString+AES.m in Sources */,
				E81A9B8718C4160400A0CE2F /* NSString+URLCode.m in Sources */,
				E81A9B7718C4160400A0CE2F /* NSDate+Utilities.m in Sources */,
			);
			runOnlyForDeploymentPostprocessing = 0;
		};
/* End PBXSourcesBuildPhase section */

/* Begin XCBuildConfiguration section */
		E8145F901828C0C400CFB9F5 /* Debug */ = {
			isa = XCBuildConfiguration;
			buildSettings = {
				ALWAYS_SEARCH_USER_PATHS = NO;
				CLANG_CXX_LANGUAGE_STANDARD = "gnu++0x";
				CLANG_CXX_LIBRARY = "libc++";
				CLANG_WARN_CONSTANT_CONVERSION = YES;
				CLANG_WARN_EMPTY_BODY = YES;
				CLANG_WARN_ENUM_CONVERSION = YES;
				CLANG_WARN_INT_CONVERSION = YES;
				CLANG_WARN__DUPLICATE_METHOD_MATCH = YES;
				COPY_PHASE_STRIP = NO;
				GCC_C_LANGUAGE_STANDARD = gnu99;
				GCC_DYNAMIC_NO_PIC = NO;
				GCC_OPTIMIZATION_LEVEL = 0;
				GCC_PREPROCESSOR_DEFINITIONS = (
					"DEBUG=1",
					"$(inherited)",
				);
				GCC_SYMBOLS_PRIVATE_EXTERN = NO;
				GCC_WARN_ABOUT_RETURN_TYPE = YES;
				GCC_WARN_UNINITIALIZED_AUTOS = YES;
				GCC_WARN_UNUSED_VARIABLE = YES;
				IPHONEOS_DEPLOYMENT_TARGET = 5.0;
				ONLY_ACTIVE_ARCH = YES;
				SDKROOT = iphoneos;
			};
			name = Debug;
		};
		E8145F911828C0C400CFB9F5 /* Release */ = {
			isa = XCBuildConfiguration;
			buildSettings = {
				ALWAYS_SEARCH_USER_PATHS = NO;
				CLANG_CXX_LANGUAGE_STANDARD = "gnu++0x";
				CLANG_CXX_LIBRARY = "libc++";
				CLANG_WARN_CONSTANT_CONVERSION = YES;
				CLANG_WARN_EMPTY_BODY = YES;
				CLANG_WARN_ENUM_CONVERSION = YES;
				CLANG_WARN_INT_CONVERSION = YES;
				CLANG_WARN__DUPLICATE_METHOD_MATCH = YES;
				COPY_PHASE_STRIP = YES;
				GCC_C_LANGUAGE_STANDARD = gnu99;
				GCC_WARN_ABOUT_RETURN_TYPE = YES;
				GCC_WARN_UNINITIALIZED_AUTOS = YES;
				GCC_WARN_UNUSED_VARIABLE = YES;
				IPHONEOS_DEPLOYMENT_TARGET = 5.0;
				SDKROOT = iphoneos;
				VALIDATE_PRODUCT = YES;
			};
			name = Release;
		};
		E8145F931828C0C400CFB9F5 /* Debug */ = {
			isa = XCBuildConfiguration;
			buildSettings = {
				DSTROOT = /tmp/FoundationExtend.dst;
				GCC_PRECOMPILE_PREFIX_HEADER = YES;
				GCC_PREFIX_HEADER = "FoundationExtend/FoundationExtend-Prefix.pch";
				OTHER_LDFLAGS = "-ObjC";
				PRIVATE_HEADERS_FOLDER_PATH = "$(BASE_PRODUCT_NAME)/private";
				PRODUCT_NAME = "$(TARGET_NAME)";
				PUBLIC_HEADERS_FOLDER_PATH = "$(BASE_PRODUCT_NAME)";
				SKIP_INSTALL = YES;
			};
			name = Debug;
		};
		E8145F941828C0C400CFB9F5 /* Release */ = {
			isa = XCBuildConfiguration;
			buildSettings = {
				DSTROOT = /tmp/FoundationExtend.dst;
				GCC_PRECOMPILE_PREFIX_HEADER = YES;
				GCC_PREFIX_HEADER = "FoundationExtend/FoundationExtend-Prefix.pch";
				OTHER_LDFLAGS = "-ObjC";
				PRIVATE_HEADERS_FOLDER_PATH = "$(BASE_PRODUCT_NAME)/private";
				PRODUCT_NAME = "$(TARGET_NAME)";
				PUBLIC_HEADERS_FOLDER_PATH = "$(BASE_PRODUCT_NAME)";
				SKIP_INSTALL = YES;
			};
			name = Release;
		};
/* End XCBuildConfiguration section */

/* Begin XCConfigurationList section */
		E8145F681828C0C300CFB9F5 /* Build configuration list for PBXProject "FoundationExtend" */ = {
			isa = XCConfigurationList;
			buildConfigurations = (
				E8145F901828C0C400CFB9F5 /* Debug */,
				E8145F911828C0C400CFB9F5 /* Release */,
			);
			defaultConfigurationIsVisible = 0;
			defaultConfigurationName = Release;
		};
		E8145F921828C0C400CFB9F5 /* Build configuration list for PBXNativeTarget "FoundationExtend" */ = {
			isa = XCConfigurationList;
			buildConfigurations = (
				E8145F931828C0C400CFB9F5 /* Debug */,
				E8145F941828C0C400CFB9F5 /* Release */,
			);
			defaultConfigurationIsVisible = 0;
			defaultConfigurationName = Release;
		};
/* End XCConfigurationList section */
	};
	rootObject = E8145F651828C0C300CFB9F5 /* Project object */;
}
